// !$*UTF8*$!
{
	archiveVersion = 1;
	classes = {
	};
	objectVersion = 46;
	objects = {

/* Begin PBXBuildFile section */
		555ABF229A6C31980DD4A4EA /* Pods_Rotten_Tomatoes.framework in Frameworks */ = {isa = PBXBuildFile; fileRef = 840C18760F66AD8DFBEA3083 /* Pods_Rotten_Tomatoes.framework */; settings = {ATTRIBUTES = (Weak, ); }; };
		6F5AD26B1BAF93E4009FE25D /* MovieDetailsViewController.swift in Sources */ = {isa = PBXBuildFile; fileRef = 6F5AD26A1BAF93E4009FE25D /* MovieDetailsViewController.swift */; settings = {ASSET_TAGS = (); }; };
		6F5AD2701BAF9572009FE25D /* LaunchScreen.storyboard in Resources */ = {isa = PBXBuildFile; fileRef = 6F5AD26F1BAF9572009FE25D /* LaunchScreen.storyboard */; settings = {ASSET_TAGS = (); }; };
		6F5AD2721BAF957B009FE25D /* Main.storyboard in Resources */ = {isa = PBXBuildFile; fileRef = 6F5AD2711BAF957B009FE25D /* Main.storyboard */; settings = {ASSET_TAGS = (); }; };
		6F5AD2741BAF9685009FE25D /* AppearanceHelper.swift in Sources */ = {isa = PBXBuildFile; fileRef = 6F5AD2731BAF9685009FE25D /* AppearanceHelper.swift */; settings = {ASSET_TAGS = (); }; };
		6F692A811BA9E02300829629 /* AppDelegate.swift in Sources */ = {isa = PBXBuildFile; fileRef = 6F692A801BA9E02300829629 /* AppDelegate.swift */; };
		6F692A881BA9E02300829629 /* Assets.xcassets in Resources */ = {isa = PBXBuildFile; fileRef = 6F692A871BA9E02300829629 /* Assets.xcassets */; };
		6F692A951BA9FD0D00829629 /* MoviesViewController.swift in Sources */ = {isa = PBXBuildFile; fileRef = 6F692A941BA9FD0D00829629 /* MoviesViewController.swift */; settings = {ASSET_TAGS = (); }; };
		6F692A9A1BAA12DE00829629 /* MovieTableViewCell.swift in Sources */ = {isa = PBXBuildFile; fileRef = 6F692A991BAA12DE00829629 /* MovieTableViewCell.swift */; settings = {ASSET_TAGS = (); }; };
		6F8B11901BAE3C9800C11EE0 /* MoviesCollectionViewCell.swift in Sources */ = {isa = PBXBuildFile; fileRef = 6F8B118F1BAE3C9800C11EE0 /* MoviesCollectionViewCell.swift */; settings = {ASSET_TAGS = (); }; };
		6FD91A441BAF6C9E0039C0FB /* DraggableView.swift in Sources */ = {isa = PBXBuildFile; fileRef = 6FD91A431BAF6C9E0039C0FB /* DraggableView.swift */; settings = {ASSET_TAGS = (); }; };
		6FECA8321BABEED100512B31 /* DVDViewController.swift in Sources */ = {isa = PBXBuildFile; fileRef = 6FECA8311BABEED100512B31 /* DVDViewController.swift */; settings = {ASSET_TAGS = (); }; };
		6FECA8341BABF05E00512B31 /* BoxOfficeViewController.swift in Sources */ = {isa = PBXBuildFile; fileRef = 6FECA8331BABF05E00512B31 /* BoxOfficeViewController.swift */; settings = {ASSET_TAGS = (); }; };
/* End PBXBuildFile section */

/* Begin PBXFileReference section */
		5BBBD24FF9AAB1A64CF27B70 /* Pods-Rotten Tomatoes.debug.xcconfig */ = {isa = PBXFileReference; includeInIndex = 1; lastKnownFileType = text.xcconfig; name = "Pods-Rotten Tomatoes.debug.xcconfig"; path = "Pods/Target Support Files/Pods-Rotten Tomatoes/Pods-Rotten Tomatoes.debug.xcconfig"; sourceTree = "<group>"; };
		6F5AD26A1BAF93E4009FE25D /* MovieDetailsViewController.swift */ = {isa = PBXFileReference; fileEncoding = 4; lastKnownFileType = sourcecode.swift; name = MovieDetailsViewController.swift; path = Controllers/MovieDetailsViewController.swift; sourceTree = "<group>"; };
		6F5AD26F1BAF9572009FE25D /* LaunchScreen.storyboard */ = {isa = PBXFileReference; fileEncoding = 4; lastKnownFileType = file.storyboard; name = LaunchScreen.storyboard; path = Application/LaunchScreen.storyboard; sourceTree = "<group>"; };
		6F5AD2711BAF957B009FE25D /* Main.storyboard */ = {isa = PBXFileReference; fileEncoding = 4; lastKnownFileType = file.storyboard; name = Main.storyboard; path = Controllers/Main.storyboard; sourceTree = "<group>"; };
		6F5AD2731BAF9685009FE25D /* AppearanceHelper.swift */ = {isa = PBXFileReference; fileEncoding = 4; lastKnownFileType = sourcecode.swift; name = AppearanceHelper.swift; path = Library/AppearanceHelper.swift; sourceTree = "<group>"; };
		6F692A7D1BA9E02300829629 /* Rotten Tomatoes.app */ = {isa = PBXFileReference; explicitFileType = wrapper.application; includeInIndex = 0; path = "Rotten Tomatoes.app"; sourceTree = BUILT_PRODUCTS_DIR; };
		6F692A801BA9E02300829629 /* AppDelegate.swift */ = {isa = PBXFileReference; lastKnownFileType = sourcecode.swift; name = AppDelegate.swift; path = Application/AppDelegate.swift; sourceTree = "<group>"; };
		6F692A871BA9E02300829629 /* Assets.xcassets */ = {isa = PBXFileReference; lastKnownFileType = folder.assetcatalog; name = Assets.xcassets; path = Resources/Assets.xcassets; sourceTree = "<group>"; };
		6F692A8C1BA9E02300829629 /* Info.plist */ = {isa = PBXFileReference; lastKnownFileType = text.plist.xml; name = Info.plist; path = Application/Info.plist; sourceTree = "<group>"; };
		6F692A941BA9FD0D00829629 /* MoviesViewController.swift */ = {isa = PBXFileReference; fileEncoding = 4; lastKnownFileType = sourcecode.swift; name = MoviesViewController.swift; path = Controllers/MoviesViewController.swift; sourceTree = "<group>"; };
		6F692A991BAA12DE00829629 /* MovieTableViewCell.swift */ = {isa = PBXFileReference; fileEncoding = 4; lastKnownFileType = sourcecode.swift; name = MovieTableViewCell.swift; path = Controllers/MovieTableViewCell.swift; sourceTree = "<group>"; };
		6F8B118F1BAE3C9800C11EE0 /* MoviesCollectionViewCell.swift */ = {isa = PBXFileReference; fileEncoding = 4; lastKnownFileType = sourcecode.swift; name = MoviesCollectionViewCell.swift; path = Controllers/MoviesCollectionViewCell.swift; sourceTree = "<group>"; };
		6FD91A431BAF6C9E0039C0FB /* DraggableView.swift */ = {isa = PBXFileReference; fileEncoding = 4; lastKnownFileType = sourcecode.swift; name = DraggableView.swift; path = Controllers/DraggableView.swift; sourceTree = "<group>"; };
		6FECA8311BABEED100512B31 /* DVDViewController.swift */ = {isa = PBXFileReference; fileEncoding = 4; lastKnownFileType = sourcecode.swift; name = DVDViewController.swift; path = Controllers/DVDViewController.swift; sourceTree = "<group>"; };
		6FECA8331BABF05E00512B31 /* BoxOfficeViewController.swift */ = {isa = PBXFileReference; fileEncoding = 4; lastKnownFileType = sourcecode.swift; name = BoxOfficeViewController.swift; path = Controllers/BoxOfficeViewController.swift; sourceTree = "<group>"; };
		840C18760F66AD8DFBEA3083 /* Pods_Rotten_Tomatoes.framework */ = {isa = PBXFileReference; explicitFileType = wrapper.framework; includeInIndex = 0; path = Pods_Rotten_Tomatoes.framework; sourceTree = BUILT_PRODUCTS_DIR; };
		DA48CE1580002AC93C8BE95C /* Pods-Rotten Tomatoes.release.xcconfig */ = {isa = PBXFileReference; includeInIndex = 1; lastKnownFileType = text.xcconfig; name = "Pods-Rotten Tomatoes.release.xcconfig"; path = "Pods/Target Support Files/Pods-Rotten Tomatoes/Pods-Rotten Tomatoes.release.xcconfig"; sourceTree = "<group>"; };
/* End PBXFileReference section */

/* Begin PBXFrameworksBuildPhase section */
		6F692A7A1BA9E02300829629 /* Frameworks */ = {
			isa = PBXFrameworksBuildPhase;
			buildActionMask = 2147483647;
			files = (
				555ABF229A6C31980DD4A4EA /* Pods_Rotten_Tomatoes.framework in Frameworks */,
			);
			runOnlyForDeploymentPostprocessing = 0;
		};
/* End PBXFrameworksBuildPhase section */

/* Begin PBXGroup section */
		63FBAB0CF8E513DFABA7FF50 /* Frameworks */ = {
			isa = PBXGroup;
			children = (
				840C18760F66AD8DFBEA3083 /* Pods_Rotten_Tomatoes.framework */,
			);
			name = Frameworks;
			sourceTree = "<group>";
		};
		6F5AD2651BAF91B1009FE25D /* Models */ = {
			isa = PBXGroup;
			children = (
			);
			name = Models;
			sourceTree = "<group>";
		};
		6F5AD2671BAF91C5009FE25D /* Application */ = {
			isa = PBXGroup;
			children = (
				6F692A801BA9E02300829629 /* AppDelegate.swift */,
				6F5AD26F1BAF9572009FE25D /* LaunchScreen.storyboard */,
				6F692A8C1BA9E02300829629 /* Info.plist */,
			);
			name = Application;
			sourceTree = "<group>";
		};
		6F5AD2681BAF91CB009FE25D /* Resources */ = {
			isa = PBXGroup;
			children = (
				6F692A871BA9E02300829629 /* Assets.xcassets */,
			);
			name = Resources;
			sourceTree = "<group>";
		};
		6F5AD2691BAF91E1009FE25D /* Library */ = {
			isa = PBXGroup;
			children = (
				6F5AD2731BAF9685009FE25D /* AppearanceHelper.swift */,
			);
			name = Library;
			sourceTree = "<group>";
		};
		6F692A741BA9E02300829629 = {
			isa = PBXGroup;
			children = (
				6F692A7F1BA9E02300829629 /* Rotten Tomatoes */,
				6F692A7E1BA9E02300829629 /* Products */,
				D7D4F9D5C9E421F962DDE71A /* Pods */,
				63FBAB0CF8E513DFABA7FF50 /* Frameworks */,
			);
			sourceTree = "<group>";
		};
		6F692A7E1BA9E02300829629 /* Products */ = {
			isa = PBXGroup;
			children = (
				6F692A7D1BA9E02300829629 /* Rotten Tomatoes.app */,
			);
			name = Products;
			sourceTree = "<group>";
		};
		6F692A7F1BA9E02300829629 /* Rotten Tomatoes */ = {
			isa = PBXGroup;
			children = (
				6F692A961BA9FD1400829629 /* Controllers */,
				6F5AD2691BAF91E1009FE25D /* Library */,
				6F5AD2671BAF91C5009FE25D /* Application */,
				6F5AD2651BAF91B1009FE25D /* Models */,
				6F5AD2681BAF91CB009FE25D /* Resources */,
			);
			path = "Rotten Tomatoes";
			sourceTree = "<group>";
		};
		6F692A961BA9FD1400829629 /* Controllers */ = {
			isa = PBXGroup;
			children = (
				6F5AD2711BAF957B009FE25D /* Main.storyboard */,
				6F692A941BA9FD0D00829629 /* MoviesViewController.swift */,
				6F5AD26A1BAF93E4009FE25D /* MovieDetailsViewController.swift */,
				6FECA8331BABF05E00512B31 /* BoxOfficeViewController.swift */,
				6FECA8311BABEED100512B31 /* DVDViewController.swift */,
				6F692A991BAA12DE00829629 /* MovieTableViewCell.swift */,
				6F8B118F1BAE3C9800C11EE0 /* MoviesCollectionViewCell.swift */,
				6FD91A431BAF6C9E0039C0FB /* DraggableView.swift */,
			);
			name = Controllers;
			sourceTree = "<group>";
		};
		D7D4F9D5C9E421F962DDE71A /* Pods */ = {
			isa = PBXGroup;
			children = (
				5BBBD24FF9AAB1A64CF27B70 /* Pods-Rotten Tomatoes.debug.xcconfig */,
				DA48CE1580002AC93C8BE95C /* Pods-Rotten Tomatoes.release.xcconfig */,
			);
			name = Pods;
			sourceTree = "<group>";
		};
/* End PBXGroup section */

/* Begin PBXNativeTarget section */
		6F692A7C1BA9E02300829629 /* Rotten Tomatoes */ = {
			isa = PBXNativeTarget;
			buildConfigurationList = 6F692A8F1BA9E02300829629 /* Build configuration list for PBXNativeTarget "Rotten Tomatoes" */;
			buildPhases = (
				A24374E79ED9C5A94FAF5000 /* Check Pods Manifest.lock */,
				6F692A791BA9E02300829629 /* Sources */,
				6F692A7A1BA9E02300829629 /* Frameworks */,
				6F692A7B1BA9E02300829629 /* Resources */,
				DA4D6756964ACD0B86B96260 /* Copy Pods Resources */,
				406CCF8E8D7A717B3CF38705 /* Embed Pods Frameworks */,
			);
			buildRules = (
			);
			dependencies = (
			);
			name = "Rotten Tomatoes";
			productName = "Rotten Tomatoes";
			productReference = 6F692A7D1BA9E02300829629 /* Rotten Tomatoes.app */;
			productType = "com.apple.product-type.application";
		};
/* End PBXNativeTarget section */

/* Begin PBXProject section */
		6F692A751BA9E02300829629 /* Project object */ = {
			isa = PBXProject;
			attributes = {
				LastSwiftUpdateCheck = 0700;
				LastUpgradeCheck = 0700;
				ORGANIZATIONNAME = "Randy Ting";
				TargetAttributes = {
					6F692A7C1BA9E02300829629 = {
						CreatedOnToolsVersion = 7.0;
						DevelopmentTeam = EGE7JW5PV2;
					};
				};
			};
			buildConfigurationList = 6F692A781BA9E02300829629 /* Build configuration list for PBXProject "Rotten Tomatoes" */;
			compatibilityVersion = "Xcode 3.2";
			developmentRegion = English;
			hasScannedForEncodings = 0;
			knownRegions = (
				en,
				Base,
			);
			mainGroup = 6F692A741BA9E02300829629;
			productRefGroup = 6F692A7E1BA9E02300829629 /* Products */;
			projectDirPath = "";
			projectRoot = "";
			targets = (
				6F692A7C1BA9E02300829629 /* Rotten Tomatoes */,
			);
		};
/* End PBXProject section */

/* Begin PBXResourcesBuildPhase section */
		6F692A7B1BA9E02300829629 /* Resources */ = {
			isa = PBXResourcesBuildPhase;
			buildActionMask = 2147483647;
			files = (
				6F5AD2701BAF9572009FE25D /* LaunchScreen.storyboard in Resources */,
				6F692A881BA9E02300829629 /* Assets.xcassets in Resources */,
				6F5AD2721BAF957B009FE25D /* Main.storyboard in Resources */,
			);
			runOnlyForDeploymentPostprocessing = 0;
		};
/* End PBXResourcesBuildPhase section */

/* Begin PBXShellScriptBuildPhase section */
		406CCF8E8D7A717B3CF38705 /* Embed Pods Frameworks */ = {
			isa = PBXShellScriptBuildPhase;
			buildActionMask = 2147483647;
			files = (
			);
			inputPaths = (
			);
			name = "Embed Pods Frameworks";
			outputPaths = (
			);
			runOnlyForDeploymentPostprocessing = 0;
			shellPath = /bin/sh;
			shellScript = "\"${SRCROOT}/Pods/Target Support Files/Pods-Rotten Tomatoes/Pods-Rotten Tomatoes-frameworks.sh\"\n";
			showEnvVarsInLog = 0;
		};
		A24374E79ED9C5A94FAF5000 /* Check Pods Manifest.lock */ = {
			isa = PBXShellScriptBuildPhase;
			buildActionMask = 2147483647;
			files = (
			);
			inputPaths = (
			);
			name = "Check Pods Manifest.lock";
			outputPaths = (
			);
			runOnlyForDeploymentPostprocessing = 0;
			shellPath = /bin/sh;
			shellScript = "diff \"${PODS_ROOT}/../Podfile.lock\" \"${PODS_ROOT}/Manifest.lock\" > /dev/null\nif [[ $? != 0 ]] ; then\n    cat << EOM\nerror: The sandbox is not in sync with the Podfile.lock. Run 'pod install' or update your CocoaPods installation.\nEOM\n    exit 1\nfi\n";
			showEnvVarsInLog = 0;
		};
		DA4D6756964ACD0B86B96260 /* Copy Pods Resources */ = {
			isa = PBXShellScriptBuildPhase;
			buildActionMask = 2147483647;
			files = (
			);
			inputPaths = (
			);
			name = "Copy Pods Resources";
			outputPaths = (
			);
			runOnlyForDeploymentPostprocessing = 0;
			shellPath = /bin/sh;
			shellScript = "\"${SRCROOT}/Pods/Target Support Files/Pods-Rotten Tomatoes/Pods-Rotten Tomatoes-resources.sh\"\n";
			showEnvVarsInLog = 0;
		};
/* End PBXShellScriptBuildPhase section */

/* Begin PBXSourcesBuildPhase section */
		6F692A791BA9E02300829629 /* Sources */ = {
			isa = PBXSourcesBuildPhase;
			buildActionMask = 2147483647;
			files = (
				6F5AD26B1BAF93E4009FE25D /* MovieDetailsViewController.swift in Sources */,
				6F692A811BA9E02300829629 /* AppDelegate.swift in Sources */,
				6F5AD2741BAF9685009FE25D /* AppearanceHelper.swift in Sources */,
				6FD91A441BAF6C9E0039C0FB /* DraggableView.swift in Sources */,
				6FECA8341BABF05E00512B31 /* BoxOfficeViewController.swift in Sources */,
				6FECA8321BABEED100512B31 /* DVDViewController.swift in Sources */,
				6F692A951BA9FD0D00829629 /* MoviesViewController.swift in Sources */,
				6F692A9A1BAA12DE00829629 /* MovieTableViewCell.swift in Sources */,
				6F8B11901BAE3C9800C11EE0 /* MoviesCollectionViewCell.swift in Sources */,
			);
			runOnlyForDeploymentPostprocessing = 0;
		};
/* End PBXSourcesBuildPhase section */

/* Begin XCBuildConfiguration section */
		6F692A8D1BA9E02300829629 /* Debug */ = {
			isa = XCBuildConfiguration;
			buildSettings = {
				ALWAYS_SEARCH_USER_PATHS = NO;
				CLANG_CXX_LANGUAGE_STANDARD = "gnu++0x";
				CLANG_CXX_LIBRARY = "libc++";
				CLANG_ENABLE_MODULES = YES;
				CLANG_ENABLE_OBJC_ARC = YES;
				CLANG_WARN_BOOL_CONVERSION = YES;
				CLANG_WARN_CONSTANT_CONVERSION = YES;
				CLANG_WARN_DIRECT_OBJC_ISA_USAGE = YES_ERROR;
				CLANG_WARN_EMPTY_BODY = YES;
				CLANG_WARN_ENUM_CONVERSION = YES;
				CLANG_WARN_INT_CONVERSION = YES;
				CLANG_WARN_OBJC_ROOT_CLASS = YES_ERROR;
				CLANG_WARN_UNREACHABLE_CODE = YES;
				CLANG_WARN__DUPLICATE_METHOD_MATCH = YES;
				"CODE_SIGN_IDENTITY[sdk=iphoneos*]" = "iPhone Developer";
				COPY_PHASE_STRIP = NO;
				DEBUG_INFORMATION_FORMAT = dwarf;
				ENABLE_STRICT_OBJC_MSGSEND = YES;
				ENABLE_TESTABILITY = YES;
				GCC_C_LANGUAGE_STANDARD = gnu99;
				GCC_DYNAMIC_NO_PIC = NO;
				GCC_NO_COMMON_BLOCKS = YES;
				GCC_OPTIMIZATION_LEVEL = 0;
				GCC_PREPROCESSOR_DEFINITIONS = (
					"DEBUG=1",
					"$(inherited)",
				);
				GCC_WARN_64_TO_32_BIT_CONVERSION = YES;
				GCC_WARN_ABOUT_RETURN_TYPE = YES_ERROR;
				GCC_WARN_UNDECLARED_SELECTOR = YES;
				GCC_WARN_UNINITIALIZED_AUTOS = YES_AGGRESSIVE;
				GCC_WARN_UNUSED_FUNCTION = YES;
				GCC_WARN_UNUSED_VARIABLE = YES;
				IPHONEOS_DEPLOYMENT_TARGET = 9.0;
				MTL_ENABLE_DEBUG_INFO = YES;
				ONLY_ACTIVE_ARCH = YES;
				SDKROOT = iphoneos;
				SWIFT_OPTIMIZATION_LEVEL = "-Onone";
			};
			name = Debug;
		};
		6F692A8E1BA9E02300829629 /* Release */ = {
			isa = XCBuildConfiguration;
			buildSettings = {
				ALWAYS_SEARCH_USER_PATHS = NO;
				CLANG_CXX_LANGUAGE_STANDARD = "gnu++0x";
				CLANG_CXX_LIBRARY = "libc++";
				CLANG_ENABLE_MODULES = YES;
				CLANG_ENABLE_OBJC_ARC = YES;
				CLANG_WARN_BOOL_CONVERSION = YES;
				CLANG_WARN_CONSTANT_CONVERSION = YES;
				CLANG_WARN_DIRECT_OBJC_ISA_USAGE = YES_ERROR;
				CLANG_WARN_EMPTY_BODY = YES;
				CLANG_WARN_ENUM_CONVERSION = YES;
				CLANG_WARN_INT_CONVERSION = YES;
				CLANG_WARN_OBJC_ROOT_CLASS = YES_ERROR;
				CLANG_WARN_UNREACHABLE_CODE = YES;
				CLANG_WARN__DUPLICATE_METHOD_MATCH = YES;
				"CODE_SIGN_IDENTITY[sdk=iphoneos*]" = "iPhone Developer";
				COPY_PHASE_STRIP = NO;
				DEBUG_INFORMATION_FORMAT = "dwarf-with-dsym";
				ENABLE_NS_ASSERTIONS = NO;
				ENABLE_STRICT_OBJC_MSGSEND = YES;
				GCC_C_LANGUAGE_STANDARD = gnu99;
				GCC_NO_COMMON_BLOCKS = YES;
				GCC_WARN_64_TO_32_BIT_CONVERSION = YES;
				GCC_WARN_ABOUT_RETURN_TYPE = YES_ERROR;
				GCC_WARN_UNDECLARED_SELECTOR = YES;
				GCC_WARN_UNINITIALIZED_AUTOS = YES_AGGRESSIVE;
				GCC_WARN_UNUSED_FUNCTION = YES;
				GCC_WARN_UNUSED_VARIABLE = YES;
				IPHONEOS_DEPLOYMENT_TARGET = 9.0;
				MTL_ENABLE_DEBUG_INFO = NO;
				SDKROOT = iphoneos;
				VALIDATE_PRODUCT = YES;
			};
			name = Release;
		};
		6F692A901BA9E02300829629 /* Debug */ = {
			isa = XCBuildConfiguration;
			baseConfigurationReference = 5BBBD24FF9AAB1A64CF27B70 /* Pods-Rotten Tomatoes.debug.xcconfig */;
			buildSettings = {
				ASSETCATALOG_COMPILER_APPICON_NAME = AppIcon;
				CLANG_ENABLE_MODULES = YES;
				CODE_SIGN_IDENTITY = "iPhone Developer";
				INFOPLIST_FILE = "Rotten Tomatoes/Application/Info.plist";
				IPHONEOS_DEPLOYMENT_TARGET = 9.0;
				LD_RUNPATH_SEARCH_PATHS = "$(inherited) @executable_path/Frameworks";
				PRODUCT_BUNDLE_IDENTIFIER = "com.randy.Rotten-Tomatoes";
				PRODUCT_NAME = "$(TARGET_NAME)";
				SWIFT_INSTALL_OBJC_HEADER = NO;
				SWIFT_OBJC_BRIDGING_HEADER = "";
				SWIFT_OPTIMIZATION_LEVEL = "-Onone";
				TARGETED_DEVICE_FAMILY = 1;
			};
			name = Debug;
		};
		6F692A911BA9E02300829629 /* Release */ = {
			isa = XCBuildConfiguration;
			baseConfigurationReference = DA48CE1580002AC93C8BE95C /* Pods-Rotten Tomatoes.release.xcconfig */;
			buildSettings = {
				ASSETCATALOG_COMPILER_APPICON_NAME = AppIcon;
				CLANG_ENABLE_MODULES = YES;
				CODE_SIGN_IDENTITY = "iPhone Developer";
				INFOPLIST_FILE = "Rotten Tomatoes/Application/Info.plist";
				IPHONEOS_DEPLOYMENT_TARGET = 9.0;
				LD_RUNPATH_SEARCH_PATHS = "$(inherited) @executable_path/Frameworks";
				PRODUCT_BUNDLE_IDENTIFIER = "com.randy.Rotten-Tomatoes";
				PRODUCT_NAME = "$(TARGET_NAME)";
				SWIFT_INSTALL_OBJC_HEADER = NO;
				SWIFT_OBJC_BRIDGING_HEADER = "";
				TARGETED_DEVICE_FAMILY = 1;
			};
			name = Release;
		};
/* End XCBuildConfiguration section */

/* Begin XCConfigurationList section */
		6F692A781BA9E02300829629 /* Build configuration list for PBXProject "Rotten Tomatoes" */ = {
			isa = XCConfigurationList;
			buildConfigurations = (
				6F692A8D1BA9E02300829629 /* Debug */,
				6F692A8E1BA9E02300829629 /* Release */,
			);
			defaultConfigurationIsVisible = 0;
			defaultConfigurationName = Release;
		};
		6F692A8F1BA9E02300829629 /* Build configuration list for PBXNativeTarget "Rotten Tomatoes" */ = {
			isa = XCConfigurationList;
			buildConfigurations = (
				6F692A901BA9E02300829629 /* Debug */,
				6F692A911BA9E02300829629 /* Release */,
			);
			defaultConfigurationIsVisible = 0;
			defaultConfigurationName = Release;
		};
/* End XCConfigurationList section */
	};
	rootObject = 6F692A751BA9E02300829629 /* Project object */;
}
